<Solution>
  <Project Path="EM-Blazor-Bootstrap.Client/EM-Blazor-Bootstrap.Client.csproj" />
  <Project Path="EM-Blazor-Bootstrap.Components.Tests/EM-Blazor-Bootstrap.Components.Tests.csproj">
    <Build Solution="Debug|*" Project="false" />
  </Project>
  <Project Path="EM-Blazor-Bootstrap.Components/EM-Blazor-Bootstrap.Components.csproj" Id="5bccc3b4-ee30-4959-bdea-344cf9aac4e8" />
  <Project Path="EM-Blazor-Bootstrap/EM-Blazor-Bootstrap.csproj" />
</Solution>
